PODS:
  - bureau-id-fraud-sdk (1.0.2):
    - Sentry (= 8.21.0)
    - SwiftProtobuf (= 1.25.2)
  - Sentry (8.21.0):
    - Sentry/Core (= 8.21.0)
    - SentryPrivate (= 8.21.0)
  - Sentry/Core (8.21.0):
    - SentryPrivate (= 8.21.0)
  - SentryPrivate (8.21.0)
  - SwiftProtobuf (1.25.2)

DEPENDENCIES:
  - bureau-id-fraud-sdk

SPEC REPOS:
  trunk:
    - bureau-id-fraud-sdk
    - Sentry
    - SentryPrivate
    - SwiftProtobuf

SPEC CHECKSUMS:
  bureau-id-fraud-sdk: 48946439770ffca967606cdd39ab42e27e8e914a
  Sentry: ebc12276bd17613a114ab359074096b6b3725203
  SentryPrivate: d651efb234cf385ec9a1cdd3eff94b5e78a0e0fe
  SwiftProtobuf: 407a385e97fd206c4fbe880cc84123989167e0d1

PODFILE CHECKSUM: 2e07fce1251c024ea5d26fa24f7f1ce54a826865

COCOAPODS: 1.14.3
